
Microsoft Visual Studio Solution File, Format Version 12.00
Project("{FAE04EC0-301F-11D3-BF4B-00C04F79EFBC}") = "SHARD", "SHARD\SHARD.csproj", "{6F43DA6E-22D9-4F28-81B5-E91C2B2795AF}"
EndProject
Project("{FAE04EC0-301F-11D3-BF4B-00C04F79EFBC}") = "SHARD.Core", "SHARD.Core\SHARD.Core.csproj", "{27DD3412-192C-43E8-8E4F-EF663BEF7061}"
EndProject
Project("{FAE04EC0-301F-11D3-BF4B-00C04F79EFBC}") = "SHARD.Core.Tests", "SHARD.Core.Tests\SHARD.Core.Tests.csproj", "{831F83C1-7EB0-4ECE-8DCC-2C8CC957248E}"
EndProject
Global
	GlobalSection(SolutionConfigurationPlatforms) = preSolution
		Debug|Any CPU = Debug|Any CPU
		Debug|x64 = Debug|x64
		Debug|x86 = Debug|x86
		Release|Any CPU = Release|Any CPU
		Release|x64 = Release|x64
		Release|x86 = Release|x86
	EndGlobalSection
	GlobalSection(ProjectConfigurationPlatforms) = postSolution
		{6F43DA6E-22D9-4F28-81B5-E91C2B2795AF}.Debug|Any CPU.ActiveCfg = Debug|Any CPU
		{6F43DA6E-22D9-4F28-81B5-E91C2B2795AF}.Debug|Any CPU.Build.0 = Debug|Any CPU
		{6F43DA6E-22D9-4F28-81B5-E91C2B2795AF}.Debug|x64.ActiveCfg = Debug|Any CPU
		{6F43DA6E-22D9-4F28-81B5-E91C2B2795AF}.Debug|x64.Build.0 = Debug|Any CPU
		{6F43DA6E-22D9-4F28-81B5-E91C2B2795AF}.Debug|x86.ActiveCfg = Debug|Any CPU
		{6F43DA6E-22D9-4F28-81B5-E91C2B2795AF}.Debug|x86.Build.0 = Debug|Any CPU
		{6F43DA6E-22D9-4F28-81B5-E91C2B2795AF}.Release|Any CPU.ActiveCfg = Release|Any CPU
		{6F43DA6E-22D9-4F28-81B5-E91C2B2795AF}.Release|Any CPU.Build.0 = Release|Any CPU
		{6F43DA6E-22D9-4F28-81B5-E91C2B2795AF}.Release|x64.ActiveCfg = Release|Any CPU
		{6F43DA6E-22D9-4F28-81B5-E91C2B2795AF}.Release|x64.Build.0 = Release|Any CPU
		{6F43DA6E-22D9-4F28-81B5-E91C2B2795AF}.Release|x86.ActiveCfg = Release|Any CPU
		{6F43DA6E-22D9-4F28-81B5-E91C2B2795AF}.Release|x86.Build.0 = Release|Any CPU
		{27DD3412-192C-43E8-8E4F-EF663BEF7061}.Debug|Any CPU.ActiveCfg = Debug|Any CPU
		{27DD3412-192C-43E8-8E4F-EF663BEF7061}.Debug|Any CPU.Build.0 = Debug|Any CPU
		{27DD3412-192C-43E8-8E4F-EF663BEF7061}.Debug|x64.ActiveCfg = Debug|Any CPU
		{27DD3412-192C-43E8-8E4F-EF663BEF7061}.Debug|x64.Build.0 = Debug|Any CPU
		{27DD3412-192C-43E8-8E4F-EF663BEF7061}.Debug|x86.ActiveCfg = Debug|Any CPU
		{27DD3412-192C-43E8-8E4F-EF663BEF7061}.Debug|x86.Build.0 = Debug|Any CPU
		{27DD3412-192C-43E8-8E4F-EF663BEF7061}.Release|Any CPU.ActiveCfg = Release|Any CPU
		{27DD3412-192C-43E8-8E4F-EF663BEF7061}.Release|Any CPU.Build.0 = Release|Any CPU
		{27DD3412-192C-43E8-8E4F-EF663BEF7061}.Release|x64.ActiveCfg = Release|Any CPU
		{27DD3412-192C-43E8-8E4F-EF663BEF7061}.Release|x64.Build.0 = Release|Any CPU
		{27DD3412-192C-43E8-8E4F-EF663BEF7061}.Release|x86.ActiveCfg = Release|Any CPU
		{27DD3412-192C-43E8-8E4F-EF663BEF7061}.Release|x86.Build.0 = Release|Any CPU
		{831F83C1-7EB0-4ECE-8DCC-2C8CC957248E}.Debug|Any CPU.ActiveCfg = Debug|Any CPU
		{831F83C1-7EB0-4ECE-8DCC-2C8CC957248E}.Debug|Any CPU.Build.0 = Debug|Any CPU
		{831F83C1-7EB0-4ECE-8DCC-2C8CC957248E}.Debug|x64.ActiveCfg = Debug|Any CPU
		{831F83C1-7EB0-4ECE-8DCC-2C8CC957248E}.Debug|x64.Build.0 = Debug|Any CPU
		{831F83C1-7EB0-4ECE-8DCC-2C8CC957248E}.Debug|x86.ActiveCfg = Debug|Any CPU
		{831F83C1-7EB0-4ECE-8DCC-2C8CC957248E}.Debug|x86.Build.0 = Debug|Any CPU
		{831F83C1-7EB0-4ECE-8DCC-2C8CC957248E}.Release|Any CPU.ActiveCfg = Release|Any CPU
		{831F83C1-7EB0-4ECE-8DCC-2C8CC957248E}.Release|Any CPU.Build.0 = Release|Any CPU
		{831F83C1-7EB0-4ECE-8DCC-2C8CC957248E}.Release|x64.ActiveCfg = Release|Any CPU
		{831F83C1-7EB0-4ECE-8DCC-2C8CC957248E}.Release|x64.Build.0 = Release|Any CPU
		{831F83C1-7EB0-4ECE-8DCC-2C8CC957248E}.Release|x86.ActiveCfg = Release|Any CPU
		{831F83C1-7EB0-4ECE-8DCC-2C8CC957248E}.Release|x86.Build.0 = Release|Any CPU
	EndGlobalSection
	GlobalSection(SolutionProperties) = preSolution
		HideSolutionNode = FALSE
	EndGlobalSection
EndGlobal
